// !$*UTF8*$!
{
	archiveVersion = 1;
	classes = {
	};
	objectVersion = 46;
	objects = {

/* Begin PBXBuildFile section */
		0A383DC41550C9CF00BDF422 /* EventKit.framework in Frameworks */ = {isa = PBXBuildFile; fileRef = 0A383DC31550C9CF00BDF422 /* EventKit.framework */; };
		0A383DC61550C9E000BDF422 /* EventKitUI.framework in Frameworks */ = {isa = PBXBuildFile; fileRef = 0A383DC51550C9E000BDF422 /* EventKitUI.framework */; };
		0A383DCD1550CDF500BDF422 /* CalendarExporter.m in Sources */ = {isa = PBXBuildFile; fileRef = 0A383DCC1550CDF500BDF422 /* CalendarExporter.m */; };
		0A383DD11550F19E00BDF422 /* CalendarExportViewController.m in Sources */ = {isa = PBXBuildFile; fileRef = 0A383DD01550F19E00BDF422 /* CalendarExportViewController.m */; };
		0A68B54C154ADE6100D0446D /* loa.html in Resources */ = {isa = PBXBuildFile; fileRef = 0A68B54B154ADE6100D0446D /* loa.html */; };
		0A68B54E154AE53F00D0446D /* djkdaajkad.html in Resources */ = {isa = PBXBuildFile; fileRef = 0A68B54D154AE53F00D0446D /* djkdaajkad.html */; };
		0A68B550154AE57800D0446D /* csse375.html in Resources */ = {isa = PBXBuildFile; fileRef = 0A68B54F154AE57800D0446D /* csse375.html */; };
		50056598150D1BB0001D9A7D /* UserInfoViewController.m in Sources */ = {isa = PBXBuildFile; fileRef = 50056596150D1BB0001D9A7D /* UserInfoViewController.m */; };
		5007BA8A1537C1BD00BA4F45 /* CourseRosterViewController.m in Sources */ = {isa = PBXBuildFile; fileRef = 5007BA891537C1BD00BA4F45 /* CourseRosterViewController.m */; };
		5012702515378D640083FE7A /* crawfonw.html in Resources */ = {isa = PBXBuildFile; fileRef = 5012702215378D640083FE7A /* crawfonw.html */; };
		5012702615378D640083FE7A /* CSSE404-01.html in Resources */ = {isa = PBXBuildFile; fileRef = 5012702315378D640083FE7A /* CSSE404-01.html */; };
		5012702715378D640083FE7A /* mohan.html in Resources */ = {isa = PBXBuildFile; fileRef = 5012702415378D640083FE7A /* mohan.html */; };
		5012DA481512617600CD9948 /* search.png in Resources */ = {isa = PBXBuildFile; fileRef = 5012DA471512617600CD9948 /* search.png */; };
		5012DA4B1512619B00CD9948 /* search@2x.png in Resources */ = {isa = PBXBuildFile; fileRef = 5012DA4A1512619B00CD9948 /* search@2x.png */; };
		501E52D1151265B000408054 /* favorites@2x.png in Resources */ = {isa = PBXBuildFile; fileRef = 501E52D0151265B000408054 /* favorites@2x.png */; };
		501E52D3151265C300408054 /* favorites.png in Resources */ = {isa = PBXBuildFile; fileRef = 501E52D2151265C300408054 /* favorites.png */; };
		501E52D51512666C00408054 /* settings@2x.png in Resources */ = {isa = PBXBuildFile; fileRef = 501E52D41512666C00408054 /* settings@2x.png */; };
		501E52D71512667D00408054 /* settings.png in Resources */ = {isa = PBXBuildFile; fileRef = 501E52D61512667D00408054 /* settings.png */; };
		501F6CCE15123EA3001C8C03 /* icon.png in Resources */ = {isa = PBXBuildFile; fileRef = 501F6CCD15123EA3001C8C03 /* icon.png */; };
		5071090F155708C700C6EEEF /* casey1.html in Resources */ = {isa = PBXBuildFile; fileRef = 5071090E155708C700C6EEEF /* casey1.html */; };
		50825F20153DA5A400A517BD /* G220.html in Resources */ = {isa = PBXBuildFile; fileRef = 50825F1E153DA5A400A517BD /* G220.html */; };
		50825F21153DA5A400A517BD /* O159.html in Resources */ = {isa = PBXBuildFile; fileRef = 50825F1F153DA5A400A517BD /* O159.html */; };
		50825F25153DA91E00A517BD /* CSSE555-01.html in Resources */ = {isa = PBXBuildFile; fileRef = 50825F23153DA91E00A517BD /* CSSE555-01.html */; };
		50825F26153DA91E00A517BD /* F333.html in Resources */ = {isa = PBXBuildFile; fileRef = 50825F24153DA91E00A517BD /* F333.html */; };
		50D98F321537A526004337B5 /* ClassInfoViewController.m in Sources */ = {isa = PBXBuildFile; fileRef = 50D98F311537A526004337B5 /* ClassInfoViewController.m */; };
		50D98F391537AC77004337B5 /* CSSE491-06CSSE290-09.html in Resources */ = {isa = PBXBuildFile; fileRef = 50D98F381537AC77004337B5 /* CSSE491-06CSSE290-09.html */; };
		CE1BADCF14DA60FE00C54FFE /* KeychainItemWrapper.m in Sources */ = {isa = PBXBuildFile; fileRef = CE1BADCE14DA60FE00C54FFE /* KeychainItemWrapper.m */; };
		CE57E7B514EB71C50033E59A /* ClassFactory.m in Sources */ = {isa = PBXBuildFile; fileRef = CE57E7B214EB71C50033E59A /* ClassFactory.m */; };
		CE57E7B614EB71C50033E59A /* ClassSchedule.m in Sources */ = {isa = PBXBuildFile; fileRef = CE57E7B414EB71C50033E59A /* ClassSchedule.m */; };
		CE5CE84014DC36C700E096C8 /* FacultyFactory.m in Sources */ = {isa = PBXBuildFile; fileRef = CE5CE83F14DC36C700E096C8 /* FacultyFactory.m */; };
		CEB33E7314E9B4820048C518 /* Schedule.m in Sources */ = {isa = PBXBuildFile; fileRef = CEB33E7214E9B4820048C518 /* Schedule.m */; };
		CEB33E7714E9B5740048C518 /* ScheduleFactory.m in Sources */ = {isa = PBXBuildFile; fileRef = CEB33E7614E9B5740048C518 /* ScheduleFactory.m */; };
		CEB729CB14DA65AE002E54EC /* Security.framework in Frameworks */ = {isa = PBXBuildFile; fileRef = CEB729CA14DA65AE002E54EC /* Security.framework */; };
		CED1D5F414D9D1AE00255F0C /* PersonFactory.m in Sources */ = {isa = PBXBuildFile; fileRef = CED1D5F314D9D1AE00255F0C /* PersonFactory.m */; };
		E3102708151A718F00BC9971 /* SingleDayScheduleViewController.m in Sources */ = {isa = PBXBuildFile; fileRef = E3102707151A718F00BC9971 /* SingleDayScheduleViewController.m */; };
		E32079CB1499122E005ACDD0 /* UIKit.framework in Frameworks */ = {isa = PBXBuildFile; fileRef = E32079CA1499122E005ACDD0 /* UIKit.framework */; };
		E32079CD1499122E005ACDD0 /* Foundation.framework in Frameworks */ = {isa = PBXBuildFile; fileRef = E32079CC1499122E005ACDD0 /* Foundation.framework */; };
		E32079CF1499122E005ACDD0 /* CoreGraphics.framework in Frameworks */ = {isa = PBXBuildFile; fileRef = E32079CE1499122E005ACDD0 /* CoreGraphics.framework */; };
		E32079D51499122E005ACDD0 /* InfoPlist.strings in Resources */ = {isa = PBXBuildFile; fileRef = E32079D31499122E005ACDD0 /* InfoPlist.strings */; };
		E32079D71499122E005ACDD0 /* main.m in Sources */ = {isa = PBXBuildFile; fileRef = E32079D61499122E005ACDD0 /* main.m */; };
		E32079DB1499122E005ACDD0 /* AppDelegate.m in Sources */ = {isa = PBXBuildFile; fileRef = E32079DA1499122E005ACDD0 /* AppDelegate.m */; };
		E32079DE1499122E005ACDD0 /* MainStoryboard_iPhone.storyboard in Resources */ = {isa = PBXBuildFile; fileRef = E32079DC1499122E005ACDD0 /* MainStoryboard_iPhone.storyboard */; };
		E32079E11499122E005ACDD0 /* MainStoryboard_iPad.storyboard in Resources */ = {isa = PBXBuildFile; fileRef = E32079DF1499122E005ACDD0 /* MainStoryboard_iPad.storyboard */; };
		E32079E41499122E005ACDD0 /* SearchViewController.m in Sources */ = {isa = PBXBuildFile; fileRef = E32079E31499122E005ACDD0 /* SearchViewController.m */; };
		E32079EB1499122E005ACDD0 /* FavoritesViewController.m in Sources */ = {isa = PBXBuildFile; fileRef = E32079EA1499122E005ACDD0 /* FavoritesViewController.m */; };
		E32079F71499122E005ACDD0 /* SenTestingKit.framework in Frameworks */ = {isa = PBXBuildFile; fileRef = E32079F61499122E005ACDD0 /* SenTestingKit.framework */; };
		E32079F81499122E005ACDD0 /* UIKit.framework in Frameworks */ = {isa = PBXBuildFile; fileRef = E32079CA1499122E005ACDD0 /* UIKit.framework */; };
		E32079F91499122E005ACDD0 /* Foundation.framework in Frameworks */ = {isa = PBXBuildFile; fileRef = E32079CC1499122E005ACDD0 /* Foundation.framework */; };
		E3207A011499122E005ACDD0 /* InfoPlist.strings in Resources */ = {isa = PBXBuildFile; fileRef = E32079FF1499122E005ACDD0 /* InfoPlist.strings */; };
		E3207A041499122E005ACDD0 /* ScheduleLookupTests.m in Sources */ = {isa = PBXBuildFile; fileRef = E3207A031499122E005ACDD0 /* ScheduleLookupTests.m */; };
		E32C2ACF15101CA6007443C8 /* NetworkScraper.m in Sources */ = {isa = PBXBuildFile; fileRef = E32C2ACE15101CA6007443C8 /* NetworkScraper.m */; };
		E338045E153798BD0034DEAB /* RosterFactory.m in Sources */ = {isa = PBXBuildFile; fileRef = E338045D153798BD0034DEAB /* RosterFactory.m */; };
		E340E72914C75A3300EBA4E0 /* Person.m in Sources */ = {isa = PBXBuildFile; fileRef = E340E72814C75A3300EBA4E0 /* Person.m */; };
		E35F5E67151238D500BCF42C /* UserFavorites.plist in Resources */ = {isa = PBXBuildFile; fileRef = E35F5E66151238D500BCF42C /* UserFavorites.plist */; };
		E36E4BB314D1324900EDE057 /* StudentFactory.m in Sources */ = {isa = PBXBuildFile; fileRef = E36E4BB214D1324900EDE057 /* StudentFactory.m */; };
		E371603614C9C51400883E8C /* Student.m in Sources */ = {isa = PBXBuildFile; fileRef = E371603514C9C51400883E8C /* Student.m */; };
		E371603E14C9D3D100883E8C /* Faculty.m in Sources */ = {isa = PBXBuildFile; fileRef = E371603D14C9D3D100883E8C /* Faculty.m */; };
		E38D1201154791B300DB75F2 /* PartialMatchUserViewController.m in Sources */ = {isa = PBXBuildFile; fileRef = E38D1200154791B300DB75F2 /* PartialMatchUserViewController.m */; };
		E38D1204154791C300DB75F2 /* PartialMatchCourseViewController.m in Sources */ = {isa = PBXBuildFile; fileRef = E38D1203154791C300DB75F2 /* PartialMatchCourseViewController.m */; };
		E3B71D7E15196638002D1D8B /* ScheduleViewController.m in Sources */ = {isa = PBXBuildFile; fileRef = E3B71D7C15196638002D1D8B /* ScheduleViewController.m */; };
		E3B71D7F15196638002D1D8B /* ScheduleViewController.xib in Resources */ = {isa = PBXBuildFile; fileRef = E3B71D7D15196638002D1D8B /* ScheduleViewController.xib */; };
		E3DE69DE14DA20D800299023 /* SettingsViewController.m in Sources */ = {isa = PBXBuildFile; fileRef = E3DE69DD14DA20D800299023 /* SettingsViewController.m */; };
/* End PBXBuildFile section */

/* Begin PBXContainerItemProxy section */
		E32079FA1499122E005ACDD0 /* PBXContainerItemProxy */ = {
			isa = PBXContainerItemProxy;
			containerPortal = E32079BD1499122E005ACDD0 /* Project object */;
			proxyType = 1;
			remoteGlobalIDString = E32079C51499122E005ACDD0;
			remoteInfo = ScheduleLookup;
		};
/* End PBXContainerItemProxy section */

/* Begin PBXFileReference section */
		0A383DC31550C9CF00BDF422 /* EventKit.framework */ = {isa = PBXFileReference; lastKnownFileType = wrapper.framework; name = EventKit.framework; path = System/Library/Frameworks/EventKit.framework; sourceTree = SDKROOT; };
		0A383DC51550C9E000BDF422 /* EventKitUI.framework */ = {isa = PBXFileReference; lastKnownFileType = wrapper.framework; name = EventKitUI.framework; path = System/Library/Frameworks/EventKitUI.framework; sourceTree = SDKROOT; };
		0A383DCB1550CDF500BDF422 /* CalendarExporter.h */ = {isa = PBXFileReference; fileEncoding = 4; lastKnownFileType = sourcecode.c.h; path = CalendarExporter.h; sourceTree = "<group>"; };
		0A383DCC1550CDF500BDF422 /* CalendarExporter.m */ = {isa = PBXFileReference; fileEncoding = 4; lastKnownFileType = sourcecode.c.objc; path = CalendarExporter.m; sourceTree = "<group>"; };
		0A383DCF1550F19E00BDF422 /* CalendarExportViewController.h */ = {isa = PBXFileReference; fileEncoding = 4; lastKnownFileType = sourcecode.c.h; path = CalendarExportViewController.h; sourceTree = "<group>"; };
		0A383DD01550F19E00BDF422 /* CalendarExportViewController.m */ = {isa = PBXFileReference; fileEncoding = 4; lastKnownFileType = sourcecode.c.objc; path = CalendarExportViewController.m; sourceTree = "<group>"; };
		0A68B54B154ADE6100D0446D /* loa.html */ = {isa = PBXFileReference; fileEncoding = 4; lastKnownFileType = text.html; path = loa.html; sourceTree = "<group>"; };
		0A68B54D154AE53F00D0446D /* djkdaajkad.html */ = {isa = PBXFileReference; fileEncoding = 4; lastKnownFileType = text.html; path = djkdaajkad.html; sourceTree = "<group>"; };
		0A68B54F154AE57800D0446D /* csse375.html */ = {isa = PBXFileReference; fileEncoding = 4; lastKnownFileType = text.html; path = csse375.html; sourceTree = "<group>"; };
		50056595150D1BB0001D9A7D /* UserInfoViewController.h */ = {isa = PBXFileReference; fileEncoding = 4; lastKnownFileType = sourcecode.c.h; path = UserInfoViewController.h; sourceTree = "<group>"; };
		50056596150D1BB0001D9A7D /* UserInfoViewController.m */ = {isa = PBXFileReference; fileEncoding = 4; lastKnownFileType = sourcecode.c.objc; path = UserInfoViewController.m; sourceTree = "<group>"; };
		5007BA881537C1BD00BA4F45 /* CourseRosterViewController.h */ = {isa = PBXFileReference; fileEncoding = 4; lastKnownFileType = sourcecode.c.h; path = CourseRosterViewController.h; sourceTree = "<group>"; };
		5007BA891537C1BD00BA4F45 /* CourseRosterViewController.m */ = {isa = PBXFileReference; fileEncoding = 4; lastKnownFileType = sourcecode.c.objc; path = CourseRosterViewController.m; sourceTree = "<group>"; };
		5012702215378D640083FE7A /* crawfonw.html */ = {isa = PBXFileReference; fileEncoding = 4; lastKnownFileType = text.html; path = crawfonw.html; sourceTree = "<group>"; };
		5012702315378D640083FE7A /* CSSE404-01.html */ = {isa = PBXFileReference; fileEncoding = 4; lastKnownFileType = text.html; path = "CSSE404-01.html"; sourceTree = "<group>"; };
		5012702415378D640083FE7A /* mohan.html */ = {isa = PBXFileReference; fileEncoding = 4; lastKnownFileType = text.html; path = mohan.html; sourceTree = "<group>"; };
		5012DA471512617600CD9948 /* search.png */ = {isa = PBXFileReference; lastKnownFileType = image.png; path = search.png; sourceTree = "<group>"; };
		5012DA4A1512619B00CD9948 /* search@2x.png */ = {isa = PBXFileReference; lastKnownFileType = image.png; path = "search@2x.png"; sourceTree = "<group>"; };
		501E52D0151265B000408054 /* favorites@2x.png */ = {isa = PBXFileReference; lastKnownFileType = image.png; path = "favorites@2x.png"; sourceTree = "<group>"; };
		501E52D2151265C300408054 /* favorites.png */ = {isa = PBXFileReference; lastKnownFileType = image.png; path = favorites.png; sourceTree = "<group>"; };
		501E52D41512666C00408054 /* settings@2x.png */ = {isa = PBXFileReference; lastKnownFileType = image.png; path = "settings@2x.png"; sourceTree = "<group>"; };
		501E52D61512667D00408054 /* settings.png */ = {isa = PBXFileReference; lastKnownFileType = image.png; path = settings.png; sourceTree = "<group>"; };
		501F6CCD15123EA3001C8C03 /* icon.png */ = {isa = PBXFileReference; lastKnownFileType = image.png; path = icon.png; sourceTree = "<group>"; };
		5071090E155708C700C6EEEF /* casey1.html */ = {isa = PBXFileReference; fileEncoding = 4; lastKnownFileType = text.html; path = casey1.html; sourceTree = "<group>"; };
		50825F1E153DA5A400A517BD /* G220.html */ = {isa = PBXFileReference; fileEncoding = 4; lastKnownFileType = text.html; path = G220.html; sourceTree = "<group>"; };
		50825F1F153DA5A400A517BD /* O159.html */ = {isa = PBXFileReference; fileEncoding = 4; lastKnownFileType = text.html; path = O159.html; sourceTree = "<group>"; };
		50825F23153DA91E00A517BD /* CSSE555-01.html */ = {isa = PBXFileReference; fileEncoding = 4; lastKnownFileType = text.html; path = "CSSE555-01.html"; sourceTree = "<group>"; };
		50825F24153DA91E00A517BD /* F333.html */ = {isa = PBXFileReference; fileEncoding = 4; lastKnownFileType = text.html; path = F333.html; sourceTree = "<group>"; };
		50D98F301537A526004337B5 /* ClassInfoViewController.h */ = {isa = PBXFileReference; fileEncoding = 4; lastKnownFileType = sourcecode.c.h; path = ClassInfoViewController.h; sourceTree = "<group>"; };
		50D98F311537A526004337B5 /* ClassInfoViewController.m */ = {isa = PBXFileReference; fileEncoding = 4; lastKnownFileType = sourcecode.c.objc; path = ClassInfoViewController.m; sourceTree = "<group>"; };
		50D98F381537AC77004337B5 /* CSSE491-06CSSE290-09.html */ = {isa = PBXFileReference; fileEncoding = 4; lastKnownFileType = text.html; path = "CSSE491-06CSSE290-09.html"; sourceTree = "<group>"; };
		CE1BADCD14DA60FE00C54FFE /* KeychainItemWrapper.h */ = {isa = PBXFileReference; fileEncoding = 4; lastKnownFileType = sourcecode.c.h; path = KeychainItemWrapper.h; sourceTree = "<group>"; };
		CE1BADCE14DA60FE00C54FFE /* KeychainItemWrapper.m */ = {isa = PBXFileReference; fileEncoding = 4; lastKnownFileType = sourcecode.c.objc; path = KeychainItemWrapper.m; sourceTree = "<group>"; };
		CE25624A14DB119700706B01 /* ScheduleLookup.entitlements */ = {isa = PBXFileReference; lastKnownFileType = text.xml; path = ScheduleLookup.entitlements; sourceTree = "<group>"; };
		CE57E7B114EB71C50033E59A /* ClassFactory.h */ = {isa = PBXFileReference; fileEncoding = 4; lastKnownFileType = sourcecode.c.h; path = ClassFactory.h; sourceTree = "<group>"; };
		CE57E7B214EB71C50033E59A /* ClassFactory.m */ = {isa = PBXFileReference; fileEncoding = 4; lastKnownFileType = sourcecode.c.objc; path = ClassFactory.m; sourceTree = "<group>"; };
		CE57E7B314EB71C50033E59A /* ClassSchedule.h */ = {isa = PBXFileReference; fileEncoding = 4; lastKnownFileType = sourcecode.c.h; path = ClassSchedule.h; sourceTree = "<group>"; };
		CE57E7B414EB71C50033E59A /* ClassSchedule.m */ = {isa = PBXFileReference; fileEncoding = 4; lastKnownFileType = sourcecode.c.objc; path = ClassSchedule.m; sourceTree = "<group>"; };
		CE5CE83E14DC36C700E096C8 /* FacultyFactory.h */ = {isa = PBXFileReference; fileEncoding = 4; lastKnownFileType = sourcecode.c.h; path = FacultyFactory.h; sourceTree = "<group>"; };
		CE5CE83F14DC36C700E096C8 /* FacultyFactory.m */ = {isa = PBXFileReference; fileEncoding = 4; lastKnownFileType = sourcecode.c.objc; path = FacultyFactory.m; sourceTree = "<group>"; };
		CEB33E7114E9B4820048C518 /* Schedule.h */ = {isa = PBXFileReference; fileEncoding = 4; lastKnownFileType = sourcecode.c.h; path = Schedule.h; sourceTree = "<group>"; };
		CEB33E7214E9B4820048C518 /* Schedule.m */ = {isa = PBXFileReference; fileEncoding = 4; lastKnownFileType = sourcecode.c.objc; path = Schedule.m; sourceTree = "<group>"; };
		CEB33E7514E9B5740048C518 /* ScheduleFactory.h */ = {isa = PBXFileReference; fileEncoding = 4; lastKnownFileType = sourcecode.c.h; path = ScheduleFactory.h; sourceTree = "<group>"; };
		CEB33E7614E9B5740048C518 /* ScheduleFactory.m */ = {isa = PBXFileReference; fileEncoding = 4; lastKnownFileType = sourcecode.c.objc; path = ScheduleFactory.m; sourceTree = "<group>"; };
		CEB729CA14DA65AE002E54EC /* Security.framework */ = {isa = PBXFileReference; lastKnownFileType = wrapper.framework; name = Security.framework; path = System/Library/Frameworks/Security.framework; sourceTree = SDKROOT; };
		CED1D5F214D9D0E800255F0C /* PersonFactory.h */ = {isa = PBXFileReference; fileEncoding = 4; lastKnownFileType = sourcecode.c.h; path = PersonFactory.h; sourceTree = "<group>"; };
		CED1D5F314D9D1AE00255F0C /* PersonFactory.m */ = {isa = PBXFileReference; fileEncoding = 4; lastKnownFileType = sourcecode.c.objc; path = PersonFactory.m; sourceTree = "<group>"; };
		E3102706151A718F00BC9971 /* SingleDayScheduleViewController.h */ = {isa = PBXFileReference; fileEncoding = 4; lastKnownFileType = sourcecode.c.h; path = SingleDayScheduleViewController.h; sourceTree = "<group>"; };
		E3102707151A718F00BC9971 /* SingleDayScheduleViewController.m */ = {isa = PBXFileReference; fileEncoding = 4; lastKnownFileType = sourcecode.c.objc; path = SingleDayScheduleViewController.m; sourceTree = "<group>"; };
		E32079C61499122E005ACDD0 /* ScheduleLookup.app */ = {isa = PBXFileReference; explicitFileType = wrapper.application; includeInIndex = 0; path = ScheduleLookup.app; sourceTree = BUILT_PRODUCTS_DIR; };
		E32079CA1499122E005ACDD0 /* UIKit.framework */ = {isa = PBXFileReference; lastKnownFileType = wrapper.framework; name = UIKit.framework; path = System/Library/Frameworks/UIKit.framework; sourceTree = SDKROOT; };
		E32079CC1499122E005ACDD0 /* Foundation.framework */ = {isa = PBXFileReference; lastKnownFileType = wrapper.framework; name = Foundation.framework; path = System/Library/Frameworks/Foundation.framework; sourceTree = SDKROOT; };
		E32079CE1499122E005ACDD0 /* CoreGraphics.framework */ = {isa = PBXFileReference; lastKnownFileType = wrapper.framework; name = CoreGraphics.framework; path = System/Library/Frameworks/CoreGraphics.framework; sourceTree = SDKROOT; };
		E32079D21499122E005ACDD0 /* ScheduleLookup-Info.plist */ = {isa = PBXFileReference; lastKnownFileType = text.plist.xml; path = "ScheduleLookup-Info.plist"; sourceTree = "<group>"; };
		E32079D41499122E005ACDD0 /* en */ = {isa = PBXFileReference; lastKnownFileType = text.plist.strings; name = en; path = en.lproj/InfoPlist.strings; sourceTree = "<group>"; };
		E32079D61499122E005ACDD0 /* main.m */ = {isa = PBXFileReference; lastKnownFileType = sourcecode.c.objc; path = main.m; sourceTree = "<group>"; };
		E32079D81499122E005ACDD0 /* ScheduleLookup-Prefix.pch */ = {isa = PBXFileReference; lastKnownFileType = sourcecode.c.h; path = "ScheduleLookup-Prefix.pch"; sourceTree = "<group>"; };
		E32079D91499122E005ACDD0 /* AppDelegate.h */ = {isa = PBXFileReference; lastKnownFileType = sourcecode.c.h; path = AppDelegate.h; sourceTree = "<group>"; };
		E32079DA1499122E005ACDD0 /* AppDelegate.m */ = {isa = PBXFileReference; lastKnownFileType = sourcecode.c.objc; path = AppDelegate.m; sourceTree = "<group>"; };
		E32079DD1499122E005ACDD0 /* en */ = {isa = PBXFileReference; lastKnownFileType = file.storyboard; name = en; path = en.lproj/MainStoryboard_iPhone.storyboard; sourceTree = "<group>"; };
		E32079E01499122E005ACDD0 /* en */ = {isa = PBXFileReference; lastKnownFileType = file.storyboard; name = en; path = en.lproj/MainStoryboard_iPad.storyboard; sourceTree = "<group>"; };
		E32079E21499122E005ACDD0 /* SearchViewController.h */ = {isa = PBXFileReference; lastKnownFileType = sourcecode.c.h; path = SearchViewController.h; sourceTree = "<group>"; };
		E32079E31499122E005ACDD0 /* SearchViewController.m */ = {isa = PBXFileReference; lastKnownFileType = sourcecode.c.objc; path = SearchViewController.m; sourceTree = "<group>"; };
		E32079E91499122E005ACDD0 /* FavoritesViewController.h */ = {isa = PBXFileReference; lastKnownFileType = sourcecode.c.h; path = FavoritesViewController.h; sourceTree = "<group>"; };
		E32079EA1499122E005ACDD0 /* FavoritesViewController.m */ = {isa = PBXFileReference; lastKnownFileType = sourcecode.c.objc; path = FavoritesViewController.m; sourceTree = "<group>"; };
		E32079F51499122E005ACDD0 /* ScheduleLookupTests.octest */ = {isa = PBXFileReference; explicitFileType = wrapper.cfbundle; includeInIndex = 0; path = ScheduleLookupTests.octest; sourceTree = BUILT_PRODUCTS_DIR; };
		E32079F61499122E005ACDD0 /* SenTestingKit.framework */ = {isa = PBXFileReference; lastKnownFileType = wrapper.framework; name = SenTestingKit.framework; path = Library/Frameworks/SenTestingKit.framework; sourceTree = DEVELOPER_DIR; };
		E32079FE1499122E005ACDD0 /* ScheduleLookupTests-Info.plist */ = {isa = PBXFileReference; lastKnownFileType = text.plist.xml; path = "ScheduleLookupTests-Info.plist"; sourceTree = "<group>"; };
		E3207A001499122E005ACDD0 /* en */ = {isa = PBXFileReference; lastKnownFileType = text.plist.strings; name = en; path = en.lproj/InfoPlist.strings; sourceTree = "<group>"; };
		E3207A021499122E005ACDD0 /* ScheduleLookupTests.h */ = {isa = PBXFileReference; lastKnownFileType = sourcecode.c.h; path = ScheduleLookupTests.h; sourceTree = "<group>"; };
		E3207A031499122E005ACDD0 /* ScheduleLookupTests.m */ = {isa = PBXFileReference; lastKnownFileType = sourcecode.c.objc; path = ScheduleLookupTests.m; sourceTree = "<group>"; };
		E32C2ACD15101CA6007443C8 /* NetworkScraper.h */ = {isa = PBXFileReference; fileEncoding = 4; lastKnownFileType = sourcecode.c.h; path = NetworkScraper.h; sourceTree = "<group>"; };
		E32C2ACE15101CA6007443C8 /* NetworkScraper.m */ = {isa = PBXFileReference; fileEncoding = 4; lastKnownFileType = sourcecode.c.objc; path = NetworkScraper.m; sourceTree = "<group>"; };
		E338045C153798BD0034DEAB /* RosterFactory.h */ = {isa = PBXFileReference; fileEncoding = 4; lastKnownFileType = sourcecode.c.h; path = RosterFactory.h; sourceTree = "<group>"; };
		E338045D153798BD0034DEAB /* RosterFactory.m */ = {isa = PBXFileReference; fileEncoding = 4; lastKnownFileType = sourcecode.c.objc; path = RosterFactory.m; sourceTree = "<group>"; };
		E340E72714C75A3300EBA4E0 /* Person.h */ = {isa = PBXFileReference; fileEncoding = 4; lastKnownFileType = sourcecode.c.h; path = Person.h; sourceTree = "<group>"; };
		E340E72814C75A3300EBA4E0 /* Person.m */ = {isa = PBXFileReference; fileEncoding = 4; lastKnownFileType = sourcecode.c.objc; path = Person.m; sourceTree = "<group>"; };
		E35F5E66151238D500BCF42C /* UserFavorites.plist */ = {isa = PBXFileReference; fileEncoding = 4; lastKnownFileType = text.plist.xml; name = UserFavorites.plist; path = ../UserFavorites.plist; sourceTree = "<group>"; };
		E36E4BB114D1324900EDE057 /* StudentFactory.h */ = {isa = PBXFileReference; fileEncoding = 4; lastKnownFileType = sourcecode.c.h; path = StudentFactory.h; sourceTree = "<group>"; };
		E36E4BB214D1324900EDE057 /* StudentFactory.m */ = {isa = PBXFileReference; fileEncoding = 4; lastKnownFileType = sourcecode.c.objc; path = StudentFactory.m; sourceTree = "<group>"; };
		E371603414C9C51400883E8C /* Student.h */ = {isa = PBXFileReference; fileEncoding = 4; lastKnownFileType = sourcecode.c.h; path = Student.h; sourceTree = "<group>"; };
		E371603514C9C51400883E8C /* Student.m */ = {isa = PBXFileReference; fileEncoding = 4; lastKnownFileType = sourcecode.c.objc; path = Student.m; sourceTree = "<group>"; };
		E371603C14C9D3D100883E8C /* Faculty.h */ = {isa = PBXFileReference; fileEncoding = 4; lastKnownFileType = sourcecode.c.h; path = Faculty.h; sourceTree = "<group>"; };
		E371603D14C9D3D100883E8C /* Faculty.m */ = {isa = PBXFileReference; fileEncoding = 4; lastKnownFileType = sourcecode.c.objc; path = Faculty.m; sourceTree = "<group>"; };
		E38D11FF154791B300DB75F2 /* PartialMatchUserViewController.h */ = {isa = PBXFileReference; fileEncoding = 4; lastKnownFileType = sourcecode.c.h; path = PartialMatchUserViewController.h; sourceTree = "<group>"; };
		E38D1200154791B300DB75F2 /* PartialMatchUserViewController.m */ = {isa = PBXFileReference; fileEncoding = 4; lastKnownFileType = sourcecode.c.objc; path = PartialMatchUserViewController.m; sourceTree = "<group>"; };
		E38D1202154791C200DB75F2 /* PartialMatchCourseViewController.h */ = {isa = PBXFileReference; fileEncoding = 4; lastKnownFileType = sourcecode.c.h; path = PartialMatchCourseViewController.h; sourceTree = "<group>"; };
		E38D1203154791C300DB75F2 /* PartialMatchCourseViewController.m */ = {isa = PBXFileReference; fileEncoding = 4; lastKnownFileType = sourcecode.c.objc; path = PartialMatchCourseViewController.m; sourceTree = "<group>"; };
		E3B71D7B15196638002D1D8B /* ScheduleViewController.h */ = {isa = PBXFileReference; fileEncoding = 4; lastKnownFileType = sourcecode.c.h; path = ScheduleViewController.h; sourceTree = "<group>"; };
		E3B71D7C15196638002D1D8B /* ScheduleViewController.m */ = {isa = PBXFileReference; fileEncoding = 4; lastKnownFileType = sourcecode.c.objc; path = ScheduleViewController.m; sourceTree = "<group>"; };
		E3B71D7D15196638002D1D8B /* ScheduleViewController.xib */ = {isa = PBXFileReference; fileEncoding = 4; lastKnownFileType = file.xib; path = ScheduleViewController.xib; sourceTree = "<group>"; };
		E3DE69DC14DA20D800299023 /* SettingsViewController.h */ = {isa = PBXFileReference; fileEncoding = 4; lastKnownFileType = sourcecode.c.h; path = SettingsViewController.h; sourceTree = "<group>"; };
		E3DE69DD14DA20D800299023 /* SettingsViewController.m */ = {isa = PBXFileReference; fileEncoding = 4; lastKnownFileType = sourcecode.c.objc; path = SettingsViewController.m; sourceTree = "<group>"; };
/* End PBXFileReference section */

/* Begin PBXFrameworksBuildPhase section */
		E32079C31499122E005ACDD0 /* Frameworks */ = {
			isa = PBXFrameworksBuildPhase;
			buildActionMask = 2147483647;
			files = (
				0A383DC61550C9E000BDF422 /* EventKitUI.framework in Frameworks */,
				0A383DC41550C9CF00BDF422 /* EventKit.framework in Frameworks */,
				CEB729CB14DA65AE002E54EC /* Security.framework in Frameworks */,
				E32079CB1499122E005ACDD0 /* UIKit.framework in Frameworks */,
				E32079CD1499122E005ACDD0 /* Foundation.framework in Frameworks */,
				E32079CF1499122E005ACDD0 /* CoreGraphics.framework in Frameworks */,
			);
			runOnlyForDeploymentPostprocessing = 0;
		};
		E32079F11499122E005ACDD0 /* Frameworks */ = {
			isa = PBXFrameworksBuildPhase;
			buildActionMask = 2147483647;
			files = (
				E32079F71499122E005ACDD0 /* SenTestingKit.framework in Frameworks */,
				E32079F81499122E005ACDD0 /* UIKit.framework in Frameworks */,
				E32079F91499122E005ACDD0 /* Foundation.framework in Frameworks */,
			);
			runOnlyForDeploymentPostprocessing = 0;
		};
/* End PBXFrameworksBuildPhase section */

/* Begin PBXGroup section */
		CED1D5F114D9D0AA00255F0C /* Factories */ = {
			isa = PBXGroup;
			children = (
				CE57E7B114EB71C50033E59A /* ClassFactory.h */,
				CE57E7B214EB71C50033E59A /* ClassFactory.m */,
				CEB33E7514E9B5740048C518 /* ScheduleFactory.h */,
				CEB33E7614E9B5740048C518 /* ScheduleFactory.m */,
				CE5CE83E14DC36C700E096C8 /* FacultyFactory.h */,
				CE5CE83F14DC36C700E096C8 /* FacultyFactory.m */,
				CED1D5F214D9D0E800255F0C /* PersonFactory.h */,
				CED1D5F314D9D1AE00255F0C /* PersonFactory.m */,
				E36E4BB114D1324900EDE057 /* StudentFactory.h */,
				E36E4BB214D1324900EDE057 /* StudentFactory.m */,
				E338045C153798BD0034DEAB /* RosterFactory.h */,
				E338045D153798BD0034DEAB /* RosterFactory.m */,
			);
			name = Factories;
			sourceTree = "<group>";
		};
		E32079BB1499122E005ACDD0 = {
			isa = PBXGroup;
			children = (
				0A383DC51550C9E000BDF422 /* EventKitUI.framework */,
				0A383DC31550C9CF00BDF422 /* EventKit.framework */,
				E32079D01499122E005ACDD0 /* ScheduleLookup */,
				E32079FC1499122E005ACDD0 /* ScheduleLookupTests */,
				E32079C91499122E005ACDD0 /* Frameworks */,
				E32079C71499122E005ACDD0 /* Products */,
			);
			sourceTree = "<group>";
		};
		E32079C71499122E005ACDD0 /* Products */ = {
			isa = PBXGroup;
			children = (
				E32079C61499122E005ACDD0 /* ScheduleLookup.app */,
				E32079F51499122E005ACDD0 /* ScheduleLookupTests.octest */,
			);
			name = Products;
			sourceTree = "<group>";
		};
		E32079C91499122E005ACDD0 /* Frameworks */ = {
			isa = PBXGroup;
			children = (
				CEB729CA14DA65AE002E54EC /* Security.framework */,
				E32079CA1499122E005ACDD0 /* UIKit.framework */,
				E32079CC1499122E005ACDD0 /* Foundation.framework */,
				E32079CE1499122E005ACDD0 /* CoreGraphics.framework */,
				E32079F61499122E005ACDD0 /* SenTestingKit.framework */,
			);
			name = Frameworks;
			sourceTree = "<group>";
		};
		E32079D01499122E005ACDD0 /* ScheduleLookup */ = {
			isa = PBXGroup;
			children = (
				CE25624A14DB119700706B01 /* ScheduleLookup.entitlements */,
				CE1BADCD14DA60FE00C54FFE /* KeychainItemWrapper.h */,
				CE1BADCE14DA60FE00C54FFE /* KeychainItemWrapper.m */,
				E340E72614C759FC00EBA4E0 /* Model */,
				E340E72514C758AF00EBA4E0 /* View Controllers */,
				E32079D91499122E005ACDD0 /* AppDelegate.h */,
				E32079DA1499122E005ACDD0 /* AppDelegate.m */,
				E3B71D71151963B4002D1D8B /* InterfaceBuilderFiles */,
				E340E72314C757DE00EBA4E0 /* Images */,
				E32079D11499122E005ACDD0 /* Supporting Files */,
			);
			path = ScheduleLookup;
			sourceTree = "<group>";
		};
		E32079D11499122E005ACDD0 /* Supporting Files */ = {
			isa = PBXGroup;
			children = (
				E35F5E66151238D500BCF42C /* UserFavorites.plist */,
				E32079D21499122E005ACDD0 /* ScheduleLookup-Info.plist */,
				E32079D31499122E005ACDD0 /* InfoPlist.strings */,
				E32079D61499122E005ACDD0 /* main.m */,
				E32079D81499122E005ACDD0 /* ScheduleLookup-Prefix.pch */,
			);
			name = "Supporting Files";
			sourceTree = "<group>";
		};
		E32079FC1499122E005ACDD0 /* ScheduleLookupTests */ = {
			isa = PBXGroup;
			children = (
				E3207A021499122E005ACDD0 /* ScheduleLookupTests.h */,
				E3207A031499122E005ACDD0 /* ScheduleLookupTests.m */,
				E32079FD1499122E005ACDD0 /* Supporting Files */,
			);
			path = ScheduleLookupTests;
			sourceTree = "<group>";
		};
		E32079FD1499122E005ACDD0 /* Supporting Files */ = {
			isa = PBXGroup;
			children = (
				5071090E155708C700C6EEEF /* casey1.html */,
				0A68B54F154AE57800D0446D /* csse375.html */,
				0A68B54D154AE53F00D0446D /* djkdaajkad.html */,
				0A68B54B154ADE6100D0446D /* loa.html */,
				50825F23153DA91E00A517BD /* CSSE555-01.html */,
				50825F24153DA91E00A517BD /* F333.html */,
				50825F1E153DA5A400A517BD /* G220.html */,
				50825F1F153DA5A400A517BD /* O159.html */,
				50D98F381537AC77004337B5 /* CSSE491-06CSSE290-09.html */,
				5012702215378D640083FE7A /* crawfonw.html */,
				5012702315378D640083FE7A /* CSSE404-01.html */,
				5012702415378D640083FE7A /* mohan.html */,
				E32079FE1499122E005ACDD0 /* ScheduleLookupTests-Info.plist */,
				E32079FF1499122E005ACDD0 /* InfoPlist.strings */,
			);
			name = "Supporting Files";
			sourceTree = "<group>";
		};
		E340E72314C757DE00EBA4E0 /* Images */ = {
			isa = PBXGroup;
			children = (
				501E52D61512667D00408054 /* settings.png */,
				501E52D41512666C00408054 /* settings@2x.png */,
				501E52D2151265C300408054 /* favorites.png */,
				501E52D0151265B000408054 /* favorites@2x.png */,
				5012DA4A1512619B00CD9948 /* search@2x.png */,
				5012DA471512617600CD9948 /* search.png */,
				501F6CCD15123EA3001C8C03 /* icon.png */,
			);
			name = Images;
			sourceTree = "<group>";
		};
		E340E72514C758AF00EBA4E0 /* View Controllers */ = {
			isa = PBXGroup;
			children = (
				E32079E21499122E005ACDD0 /* SearchViewController.h */,
				E32079E31499122E005ACDD0 /* SearchViewController.m */,
				E32079E91499122E005ACDD0 /* FavoritesViewController.h */,
				E32079EA1499122E005ACDD0 /* FavoritesViewController.m */,
				E3DE69DC14DA20D800299023 /* SettingsViewController.h */,
				E3DE69DD14DA20D800299023 /* SettingsViewController.m */,
				50056595150D1BB0001D9A7D /* UserInfoViewController.h */,
				50056596150D1BB0001D9A7D /* UserInfoViewController.m */,
				E3B71D7B15196638002D1D8B /* ScheduleViewController.h */,
				E3B71D7C15196638002D1D8B /* ScheduleViewController.m */,
				E3102706151A718F00BC9971 /* SingleDayScheduleViewController.h */,
				E3102707151A718F00BC9971 /* SingleDayScheduleViewController.m */,
				50D98F301537A526004337B5 /* ClassInfoViewController.h */,
				50D98F311537A526004337B5 /* ClassInfoViewController.m */,
				5007BA881537C1BD00BA4F45 /* CourseRosterViewController.h */,
				5007BA891537C1BD00BA4F45 /* CourseRosterViewController.m */,
				E38D11FF154791B300DB75F2 /* PartialMatchUserViewController.h */,
				E38D1200154791B300DB75F2 /* PartialMatchUserViewController.m */,
				E38D1202154791C200DB75F2 /* PartialMatchCourseViewController.h */,
				E38D1203154791C300DB75F2 /* PartialMatchCourseViewController.m */,
				0A383DCF1550F19E00BDF422 /* CalendarExportViewController.h */,
				0A383DD01550F19E00BDF422 /* CalendarExportViewController.m */,
			);
			name = "View Controllers";
			sourceTree = "<group>";
		};
		E340E72614C759FC00EBA4E0 /* Model */ = {
			isa = PBXGroup;
			children = (
				CE57E7B314EB71C50033E59A /* ClassSchedule.h */,
				CE57E7B414EB71C50033E59A /* ClassSchedule.m */,
				CEB33E7114E9B4820048C518 /* Schedule.h */,
				CEB33E7214E9B4820048C518 /* Schedule.m */,
				E340E72714C75A3300EBA4E0 /* Person.h */,
				E340E72814C75A3300EBA4E0 /* Person.m */,
				E371603414C9C51400883E8C /* Student.h */,
				E371603514C9C51400883E8C /* Student.m */,
				E371603C14C9D3D100883E8C /* Faculty.h */,
				E371603D14C9D3D100883E8C /* Faculty.m */,
				CED1D5F114D9D0AA00255F0C /* Factories */,
				E32C2ACD15101CA6007443C8 /* NetworkScraper.h */,
				E32C2ACE15101CA6007443C8 /* NetworkScraper.m */,
				0A383DCB1550CDF500BDF422 /* CalendarExporter.h */,
				0A383DCC1550CDF500BDF422 /* CalendarExporter.m */,
			);
			name = Model;
			sourceTree = "<group>";
		};
		E3B71D71151963B4002D1D8B /* InterfaceBuilderFiles */ = {
			isa = PBXGroup;
			children = (
				E3B71D7D15196638002D1D8B /* ScheduleViewController.xib */,
				E32079DC1499122E005ACDD0 /* MainStoryboard_iPhone.storyboard */,
				E32079DF1499122E005ACDD0 /* MainStoryboard_iPad.storyboard */,
			);
			name = InterfaceBuilderFiles;
			sourceTree = "<group>";
		};
/* End PBXGroup section */

/* Begin PBXNativeTarget section */
		E32079C51499122E005ACDD0 /* ScheduleLookup */ = {
			isa = PBXNativeTarget;
			buildConfigurationList = E3207A071499122E005ACDD0 /* Build configuration list for PBXNativeTarget "ScheduleLookup" */;
			buildPhases = (
				E32079C21499122E005ACDD0 /* Sources */,
				E32079C31499122E005ACDD0 /* Frameworks */,
				E32079C41499122E005ACDD0 /* Resources */,
			);
			buildRules = (
			);
			dependencies = (
			);
			name = ScheduleLookup;
			productName = ScheduleLookup;
			productReference = E32079C61499122E005ACDD0 /* ScheduleLookup.app */;
			productType = "com.apple.product-type.application";
		};
		E32079F41499122E005ACDD0 /* ScheduleLookupTests */ = {
			isa = PBXNativeTarget;
			buildConfigurationList = E3207A0A1499122E005ACDD0 /* Build configuration list for PBXNativeTarget "ScheduleLookupTests" */;
			buildPhases = (
				E32079F01499122E005ACDD0 /* Sources */,
				E32079F11499122E005ACDD0 /* Frameworks */,
				E32079F21499122E005ACDD0 /* Resources */,
				E32079F31499122E005ACDD0 /* ShellScript */,
			);
			buildRules = (
			);
			dependencies = (
				E32079FB1499122E005ACDD0 /* PBXTargetDependency */,
			);
			name = ScheduleLookupTests;
			productName = ScheduleLookupTests;
			productReference = E32079F51499122E005ACDD0 /* ScheduleLookupTests.octest */;
			productType = "com.apple.product-type.bundle";
		};
/* End PBXNativeTarget section */

/* Begin PBXProject section */
		E32079BD1499122E005ACDD0 /* Project object */ = {
			isa = PBXProject;
			attributes = {
				LastUpgradeCheck = 0420;
				ORGANIZATIONNAME = "Rose-Hulman Institute of Technology";
			};
			buildConfigurationList = E32079C01499122E005ACDD0 /* Build configuration list for PBXProject "ScheduleLookup" */;
			compatibilityVersion = "Xcode 3.2";
			developmentRegion = English;
			hasScannedForEncodings = 0;
			knownRegions = (
				en,
			);
			mainGroup = E32079BB1499122E005ACDD0;
			productRefGroup = E32079C71499122E005ACDD0 /* Products */;
			projectDirPath = "";
			projectRoot = "";
			targets = (
				E32079C51499122E005ACDD0 /* ScheduleLookup */,
				E32079F41499122E005ACDD0 /* ScheduleLookupTests */,
			);
		};
/* End PBXProject section */

/* Begin PBXResourcesBuildPhase section */
		E32079C41499122E005ACDD0 /* Resources */ = {
			isa = PBXResourcesBuildPhase;
			buildActionMask = 2147483647;
			files = (
				E32079D51499122E005ACDD0 /* InfoPlist.strings in Resources */,
				E32079DE1499122E005ACDD0 /* MainStoryboard_iPhone.storyboard in Resources */,
				E32079E11499122E005ACDD0 /* MainStoryboard_iPad.storyboard in Resources */,
				E35F5E67151238D500BCF42C /* UserFavorites.plist in Resources */,
				501F6CCE15123EA3001C8C03 /* icon.png in Resources */,
				5012DA481512617600CD9948 /* search.png in Resources */,
				5012DA4B1512619B00CD9948 /* search@2x.png in Resources */,
				501E52D1151265B000408054 /* favorites@2x.png in Resources */,
				501E52D3151265C300408054 /* favorites.png in Resources */,
				501E52D51512666C00408054 /* settings@2x.png in Resources */,
				501E52D71512667D00408054 /* settings.png in Resources */,
				E3B71D7F15196638002D1D8B /* ScheduleViewController.xib in Resources */,
				0A68B54C154ADE6100D0446D /* loa.html in Resources */,
				0A68B54E154AE53F00D0446D /* djkdaajkad.html in Resources */,
				0A68B550154AE57800D0446D /* csse375.html in Resources */,
			);
			runOnlyForDeploymentPostprocessing = 0;
		};
		E32079F21499122E005ACDD0 /* Resources */ = {
			isa = PBXResourcesBuildPhase;
			buildActionMask = 2147483647;
			files = (
				E3207A011499122E005ACDD0 /* InfoPlist.strings in Resources */,
				5012702515378D640083FE7A /* crawfonw.html in Resources */,
				5012702615378D640083FE7A /* CSSE404-01.html in Resources */,
				5012702715378D640083FE7A /* mohan.html in Resources */,
				50D98F391537AC77004337B5 /* CSSE491-06CSSE290-09.html in Resources */,
				50825F20153DA5A400A517BD /* G220.html in Resources */,
				50825F21153DA5A400A517BD /* O159.html in Resources */,
				50825F25153DA91E00A517BD /* CSSE555-01.html in Resources */,
				50825F26153DA91E00A517BD /* F333.html in Resources */,
				5071090F155708C700C6EEEF /* casey1.html in Resources */,
			);
			runOnlyForDeploymentPostprocessing = 0;
		};
/* End PBXResourcesBuildPhase section */

/* Begin PBXShellScriptBuildPhase section */
		E32079F31499122E005ACDD0 /* ShellScript */ = {
			isa = PBXShellScriptBuildPhase;
			buildActionMask = 2147483647;
			files = (
			);
			inputPaths = (
			);
			outputPaths = (
			);
			runOnlyForDeploymentPostprocessing = 0;
			shellPath = /bin/sh;
			shellScript = "# Run the unit tests in this test bundle.\n\"${SYSTEM_DEVELOPER_DIR}/Tools/RunUnitTests\"\n";
		};
/* End PBXShellScriptBuildPhase section */

/* Begin PBXSourcesBuildPhase section */
		E32079C21499122E005ACDD0 /* Sources */ = {
			isa = PBXSourcesBuildPhase;
			buildActionMask = 2147483647;
			files = (
				E32079D71499122E005ACDD0 /* main.m in Sources */,
				E32079DB1499122E005ACDD0 /* AppDelegate.m in Sources */,
				E32079E41499122E005ACDD0 /* SearchViewController.m in Sources */,
				E32079EB1499122E005ACDD0 /* FavoritesViewController.m in Sources */,
				E340E72914C75A3300EBA4E0 /* Person.m in Sources */,
				E371603614C9C51400883E8C /* Student.m in Sources */,
				E371603E14C9D3D100883E8C /* Faculty.m in Sources */,
				E36E4BB314D1324900EDE057 /* StudentFactory.m in Sources */,
				CED1D5F414D9D1AE00255F0C /* PersonFactory.m in Sources */,
				E3DE69DE14DA20D800299023 /* SettingsViewController.m in Sources */,
				CE1BADCF14DA60FE00C54FFE /* KeychainItemWrapper.m in Sources */,
				CE5CE84014DC36C700E096C8 /* FacultyFactory.m in Sources */,
				CEB33E7314E9B4820048C518 /* Schedule.m in Sources */,
				CEB33E7714E9B5740048C518 /* ScheduleFactory.m in Sources */,
				CE57E7B514EB71C50033E59A /* ClassFactory.m in Sources */,
				CE57E7B614EB71C50033E59A /* ClassSchedule.m in Sources */,
				50056598150D1BB0001D9A7D /* UserInfoViewController.m in Sources */,
				E32C2ACF15101CA6007443C8 /* NetworkScraper.m in Sources */,
				E3B71D7E15196638002D1D8B /* ScheduleViewController.m in Sources */,
				E3102708151A718F00BC9971 /* SingleDayScheduleViewController.m in Sources */,
				E338045E153798BD0034DEAB /* RosterFactory.m in Sources */,
				50D98F321537A526004337B5 /* ClassInfoViewController.m in Sources */,
				5007BA8A1537C1BD00BA4F45 /* CourseRosterViewController.m in Sources */,
				E38D1201154791B300DB75F2 /* PartialMatchUserViewController.m in Sources */,
				E38D1204154791C300DB75F2 /* PartialMatchCourseViewController.m in Sources */,
				0A383DCD1550CDF500BDF422 /* CalendarExporter.m in Sources */,
				0A383DD11550F19E00BDF422 /* CalendarExportViewController.m in Sources */,
			);
			runOnlyForDeploymentPostprocessing = 0;
		};
		E32079F01499122E005ACDD0 /* Sources */ = {
			isa = PBXSourcesBuildPhase;
			buildActionMask = 2147483647;
			files = (
				E3207A041499122E005ACDD0 /* ScheduleLookupTests.m in Sources */,
			);
			runOnlyForDeploymentPostprocessing = 0;
		};
/* End PBXSourcesBuildPhase section */

/* Begin PBXTargetDependency section */
		E32079FB1499122E005ACDD0 /* PBXTargetDependency */ = {
			isa = PBXTargetDependency;
			target = E32079C51499122E005ACDD0 /* ScheduleLookup */;
			targetProxy = E32079FA1499122E005ACDD0 /* PBXContainerItemProxy */;
		};
/* End PBXTargetDependency section */

/* Begin PBXVariantGroup section */
		E32079D31499122E005ACDD0 /* InfoPlist.strings */ = {
			isa = PBXVariantGroup;
			children = (
				E32079D41499122E005ACDD0 /* en */,
			);
			name = InfoPlist.strings;
			sourceTree = "<group>";
		};
		E32079DC1499122E005ACDD0 /* MainStoryboard_iPhone.storyboard */ = {
			isa = PBXVariantGroup;
			children = (
				E32079DD1499122E005ACDD0 /* en */,
			);
			name = MainStoryboard_iPhone.storyboard;
			sourceTree = "<group>";
		};
		E32079DF1499122E005ACDD0 /* MainStoryboard_iPad.storyboard */ = {
			isa = PBXVariantGroup;
			children = (
				E32079E01499122E005ACDD0 /* en */,
			);
			name = MainStoryboard_iPad.storyboard;
			sourceTree = "<group>";
		};
		E32079FF1499122E005ACDD0 /* InfoPlist.strings */ = {
			isa = PBXVariantGroup;
			children = (
				E3207A001499122E005ACDD0 /* en */,
			);
			name = InfoPlist.strings;
			sourceTree = "<group>";
		};
/* End PBXVariantGroup section */

/* Begin XCBuildConfiguration section */
		E3207A051499122E005ACDD0 /* Debug */ = {
			isa = XCBuildConfiguration;
			buildSettings = {
				ALWAYS_SEARCH_USER_PATHS = NO;
				ARCHS = "$(ARCHS_STANDARD_32_BIT)";
				CLANG_ENABLE_OBJC_ARC = YES;
				"CODE_SIGN_IDENTITY[sdk=iphoneos*]" = "iPhone Developer";
				COPY_PHASE_STRIP = NO;
				GCC_C_LANGUAGE_STANDARD = gnu99;
				GCC_DYNAMIC_NO_PIC = NO;
				GCC_OPTIMIZATION_LEVEL = 0;
				GCC_PREPROCESSOR_DEFINITIONS = (
					"DEBUG=1",
					"$(inherited)",
				);
				GCC_SYMBOLS_PRIVATE_EXTERN = NO;
				GCC_VERSION = com.apple.compilers.llvm.clang.1_0;
				GCC_WARN_ABOUT_MISSING_PROTOTYPES = YES;
				GCC_WARN_ABOUT_RETURN_TYPE = YES;
				GCC_WARN_UNUSED_VARIABLE = YES;
				IPHONEOS_DEPLOYMENT_TARGET = 5.0;
				SDKROOT = iphoneos;
				TARGETED_DEVICE_FAMILY = "1,2";
			};
			name = Debug;
		};
		E3207A061499122E005ACDD0 /* Release */ = {
			isa = XCBuildConfiguration;
			buildSettings = {
				ALWAYS_SEARCH_USER_PATHS = NO;
				ARCHS = "$(ARCHS_STANDARD_32_BIT)";
				CLANG_ENABLE_OBJC_ARC = YES;
				"CODE_SIGN_IDENTITY[sdk=iphoneos*]" = "iPhone Developer";
				COPY_PHASE_STRIP = YES;
				GCC_C_LANGUAGE_STANDARD = gnu99;
				GCC_VERSION = com.apple.compilers.llvm.clang.1_0;
				GCC_WARN_ABOUT_MISSING_PROTOTYPES = YES;
				GCC_WARN_ABOUT_RETURN_TYPE = YES;
				GCC_WARN_UNUSED_VARIABLE = YES;
				IPHONEOS_DEPLOYMENT_TARGET = 5.0;
				OTHER_CFLAGS = "-DNS_BLOCK_ASSERTIONS=1";
				SDKROOT = iphoneos;
				TARGETED_DEVICE_FAMILY = "1,2";
				VALIDATE_PRODUCT = YES;
			};
			name = Release;
		};
		E3207A081499122E005ACDD0 /* Debug */ = {
			isa = XCBuildConfiguration;
			buildSettings = {
				CODE_SIGN_ENTITLEMENTS = ScheduleLookup/ScheduleLookup.entitlements;
				GCC_PRECOMPILE_PREFIX_HEADER = YES;
				GCC_PREFIX_HEADER = "ScheduleLookup/ScheduleLookup-Prefix.pch";
				INFOPLIST_FILE = "ScheduleLookup/ScheduleLookup-Info.plist";
				LIBRARY_SEARCH_PATHS = (
					"$(inherited)",
					"\"$(SRCROOT)/ScheduleLookupTests\"",
				);
				PRODUCT_NAME = "$(TARGET_NAME)";
				WRAPPER_EXTENSION = app;
			};
			name = Debug;
		};
		E3207A091499122E005ACDD0 /* Release */ = {
			isa = XCBuildConfiguration;
			buildSettings = {
				CODE_SIGN_ENTITLEMENTS = ScheduleLookup/ScheduleLookup.entitlements;
				GCC_PRECOMPILE_PREFIX_HEADER = YES;
				GCC_PREFIX_HEADER = "ScheduleLookup/ScheduleLookup-Prefix.pch";
				INFOPLIST_FILE = "ScheduleLookup/ScheduleLookup-Info.plist";
				LIBRARY_SEARCH_PATHS = (
					"$(inherited)",
					"\"$(SRCROOT)/ScheduleLookupTests\"",
				);
				PRODUCT_NAME = "$(TARGET_NAME)";
				WRAPPER_EXTENSION = app;
			};
			name = Release;
		};
		E3207A0B1499122E005ACDD0 /* Debug */ = {
			isa = XCBuildConfiguration;
			buildSettings = {
				BUNDLE_LOADER = "$(BUILT_PRODUCTS_DIR)/ScheduleLookup.app/ScheduleLookup";
				FRAMEWORK_SEARCH_PATHS = (
					"$(SDKROOT)/Developer/Library/Frameworks",
					"$(DEVELOPER_LIBRARY_DIR)/Frameworks",
				);
				GCC_PRECOMPILE_PREFIX_HEADER = YES;
				GCC_PREFIX_HEADER = "ScheduleLookup/ScheduleLookup-Prefix.pch";
				HEADER_SEARCH_PATHS = "";
				INFOPLIST_FILE = "ScheduleLookupTests/ScheduleLookupTests-Info.plist";
				LIBRARY_SEARCH_PATHS = (
					"$(inherited)",
					"\"$(SRCROOT)/ScheduleLookupTests\"",
				);
				OTHER_LDFLAGS = "";
				PRODUCT_NAME = "$(TARGET_NAME)";
				TEST_HOST = "$(BUNDLE_LOADER)";
				WRAPPER_EXTENSION = octest;
			};
			name = Debug;
		};
		E3207A0C1499122E005ACDD0 /* Release */ = {
			isa = XCBuildConfiguration;
			buildSettings = {
				BUNDLE_LOADER = "$(BUILT_PRODUCTS_DIR)/ScheduleLookup.app/ScheduleLookup";
				FRAMEWORK_SEARCH_PATHS = (
					"$(SDKROOT)/Developer/Library/Frameworks",
					"$(DEVELOPER_LIBRARY_DIR)/Frameworks",
				);
				GCC_PRECOMPILE_PREFIX_HEADER = YES;
				GCC_PREFIX_HEADER = "ScheduleLookup/ScheduleLookup-Prefix.pch";
				HEADER_SEARCH_PATHS = "";
				INFOPLIST_FILE = "ScheduleLookupTests/ScheduleLookupTests-Info.plist";
				LIBRARY_SEARCH_PATHS = (
					"$(inherited)",
					"\"$(SRCROOT)/ScheduleLookupTests\"",
				);
				OTHER_LDFLAGS = "";
				PRODUCT_NAME = "$(TARGET_NAME)";
				TEST_HOST = "$(BUNDLE_LOADER)";
				WRAPPER_EXTENSION = octest;
			};
			name = Release;
		};
/* End XCBuildConfiguration section */

/* Begin XCConfigurationList section */
		E32079C01499122E005ACDD0 /* Build configuration list for PBXProject "ScheduleLookup" */ = {
			isa = XCConfigurationList;
			buildConfigurations = (
				E3207A051499122E005ACDD0 /* Debug */,
				E3207A061499122E005ACDD0 /* Release */,
			);
			defaultConfigurationIsVisible = 0;
			defaultConfigurationName = Release;
		};
		E3207A071499122E005ACDD0 /* Build configuration list for PBXNativeTarget "ScheduleLookup" */ = {
			isa = XCConfigurationList;
			buildConfigurations = (
				E3207A081499122E005ACDD0 /* Debug */,
				E3207A091499122E005ACDD0 /* Release */,
			);
			defaultConfigurationIsVisible = 0;
			defaultConfigurationName = Release;
		};
		E3207A0A1499122E005ACDD0 /* Build configuration list for PBXNativeTarget "ScheduleLookupTests" */ = {
			isa = XCConfigurationList;
			buildConfigurations = (
				E3207A0B1499122E005ACDD0 /* Debug */,
				E3207A0C1499122E005ACDD0 /* Release */,
			);
			defaultConfigurationIsVisible = 0;
			defaultConfigurationName = Release;
		};
/* End XCConfigurationList section */
	};
	rootObject = E32079BD1499122E005ACDD0 /* Project object */;
}
